# This file is autogenerated, do not edit; changes may be undone by the next 'dep ensure'.


[[projects]]
  digest = "1:3d3a509c5ba327e8573bb57f9da8430c63a46a06886eb1d2ffc8af4e76f31c72"
  name = "cloud.google.com/go"
  packages = ["civil"]
  pruneopts = "UT"
  revision = "cdaaf98f9226c39dc162b8e55083b2fbc67b4674"
  version = "v0.43.0"

[[projects]]
  branch = "master"
  digest = "1:159f2147aa2b2e5fa020480ab46ab26f3e6c3ebe5d0191632622cc9aa81bcffe"
  name = "github.com/denisenkom/go-mssqldb"
  packages = [
    ".",
    "internal/cp",
    "internal/querytext",
  ]
  pruneopts = "UT"
  revision = "db2462fef53bd29c619fe40f73cbfcc12be79d9f"

[[projects]]
  digest = "1:ec362e9bdf57492b89f8558f6cc8ce7ddbc38aa44697c834d68524e327a29dfc"
  name = "github.com/gogo/protobuf"
  packages = [
    "gogoproto",
    "proto",
    "protoc-gen-gogo/descriptor",
    "sortkeys",
    "types",
  ]
  pruneopts = "UT"
  revision = "e14cafb6a2c249986e51c4b65c3206bf18578715"

[[projects]]
  digest = "1:7b5c6e2eeaa9ae5907c391a91c132abfd5c9e8a784a341b5625e750c67e6825d"
  name = "github.com/gorilla/websocket"
  packages = ["."]
  pruneopts = "UT"
  revision = "66b9c49e59c6c48f0ffce28c2d8b8a5678502c6d"
  version = "v1.4.0"

[[projects]]
  digest = "1:f52f7c581bbee35a91e76e4fec00810105e3e91811aed0edb6e2ee9d293f51eb"
  name = "github.com/graphql-go/graphql"
  packages = [
    "gqlerrors",
    "language/ast",
    "language/kinds",
    "language/lexer",
    "language/location",
    "language/parser",
    "language/source",
  ]
  pruneopts = "UT"
  revision = "2b0b7340d2285b861482047fbf5de0488e021bea"
  version = "v0.7.8"

[[projects]]
  digest = "1:ba3062dcd849aed2db81707681e104a219a632ab575f83cef9b4df3a4720c751"
  name = "github.com/jinzhu/gorm"
  packages = [
    ".",
    "dialects/mssql",
  ]
  pruneopts = "UT"
  revision = "836fb2c19d84dac7b0272958dfb9af7cf0d0ade4"
  version = "v1.9.10"

[[projects]]
  digest = "1:01ed62f8f4f574d8aff1d88caee113700a2b44c42351943fa73cc1808f736a50"
  name = "github.com/jinzhu/inflection"
  packages = ["."]
  pruneopts = "UT"
  revision = "f5c5f50e6090ae76a29240b61ae2a90dd810112e"
  version = "v1.0.0"

[[projects]]
  digest = "1:0734027cf0eb9c4c15942a473cc10db0a2bbb99e6533a3bdc71a1b16642f3e2f"
  name = "github.com/samsarahq/go"
  packages = ["oops"]
  pruneopts = "UT"
  revision = "c046b0801eb2cce61be49fa8ee8b38eda4a9fc54"

[[projects]]
  digest = "1:0fbd6c83ce474b15807389c16f26eb044a987945faf54689784f924b008ed483"
  name = "github.com/samsarahq/thunder"
  packages = [
    "batch",
    "concurrencylimiter",
    "diff",
    "graphql",
    "graphql/introspection",
    "graphql/schemabuilder",
    "internal",
    "internal/filter",
    "reactive",
    "thunderpb",
  ]
  pruneopts = "UT"
  revision = "87f8c4e4307286693c2151f81a9c2e7025bfb2cc"
  version = "v0.5.0"

[[projects]]
  branch = "master"
  digest = "1:100a36e16f77aaad7c9144ab26bcefb92c5b6ebed5b137f935fdc11f541fa5b8"
  name = "golang.org/x/crypto"
  packages = ["md4"]
  pruneopts = "UT"
  revision = "4def268fd1a49955bfb3dda92fe3db4f924f2285"

[[projects]]
  branch = "master"
  digest = "1:b521f10a2d8fa85c04a8ef4e62f2d1e14d303599a55d64dabf9f5a02f84d35eb"
  name = "golang.org/x/sync"
  packages = ["errgroup"]
  pruneopts = "UT"
  revision = "112230192c580c3556b8cee6403af37a4fc5f28c"

[solve-meta]
  analyzer-name = "dep"
  analyzer-version = 1
  input-imports = [
    "github.com/jinzhu/gorm",
    "github.com/jinzhu/gorm/dialects/mssql",
    "github.com/samsarahq/thunder/graphql",
    "github.com/samsarahq/thunder/graphql/introspection",
    "github.com/samsarahq/thunder/graphql/schemabuilder",
  ]
  solver-name = "gps-cdcl"
  solver-version = 1
